PODS:
  - GoogleMaps (3.8.2):
    - GoogleMaps/Maps (= 3.8.2)
  - GoogleMaps/Base (3.8.2)
  - GoogleMaps/Maps (3.8.2):
    - GoogleMaps/Base
  - GooglePlaces (3.8.2):
    - GoogleMaps/Base (= 3.8.2)

DEPENDENCIES:
  - GoogleMaps
  - GooglePlaces

SPEC REPOS:
  https://github.com/CocoaPods/Specs.git:
    - GoogleMaps
    - GooglePlaces

SPEC CHECKSUMS:
  GoogleMaps: ae0efe10e9c40bcd9decd0c9fd53d947af7801a3
  GooglePlaces: 8baf0c60e318431ca3c1b022f2745a23b104caca

PODFILE CHECKSUM: 428a3e47f94067cf69fea89d3a32e0448d529da0

COCOAPODS: 1.9.2
